// !$*UTF8*$!
{
	archiveVersion = 1;
	classes = {
	};
	objectVersion = 77;
	objects = {

/* Begin PBXCopyFilesBuildPhase section */
		10D502052F96931B008F81DA /* CopyFiles */ = {
			isa = PBXCopyFilesBuildPhase;
			buildActionMask = 2147483647;
			dstPath = /usr/share/man/man1/;
			dstSubfolderSpec = 0;
			files = (
			);
			runOnlyForDeploymentPostprocessing = 1;
		};
/* End PBXCopyFilesBuildPhase section */

/* Begin PBXFileReference section */
		10610B682FB12B6E00F76BEE /* ex01_hello.c */ = {isa = PBXFileReference; lastKnownFileType = sourcecode.c.c; path = ex01_hello.c; sourceTree = "<group>"; };
		10610B692FB12B6E00F76BEE /* ex02_plusimsg.c */ = {isa = PBXFileReference; lastKnownFileType = sourcecode.c.c; path = ex02_plusimsg.c; sourceTree = "<group>"; };
		10610B6A2FB12B6E00F76BEE /* ex03_coment.c */ = {isa = PBXFileReference; lastKnownFileType = sourcecode.c.c; path = ex03_coment.c; sourceTree = "<group>"; };
		10610B6B2FB12B6E00F76BEE /* ex04_errvolont.c */ = {isa = PBXFileReference; lastKnownFileType = sourcecode.c.c; path = ex04_errvolont.c; sourceTree = "<group>"; };
		10610B6C2FB12B6E00F76BEE /* ex05_dessinASCII.c */ = {isa = PBXFileReference; lastKnownFileType = sourcecode.c.c; path = ex05_dessinASCII.c; sourceTree = "<group>"; };
		107D8D9A2FB12159000595B4 /* aire2jeux.c */ = {isa = PBXFileReference; lastKnownFileType = sourcecode.c.c; path = aire2jeux.c; sourceTree = "<group>"; };
		107D8D9B2FB12159000595B4 /* test1.c */ = {isa = PBXFileReference; lastKnownFileType = sourcecode.c.c; path = test1.c; sourceTree = "<group>"; };
		107D8D9C2FB12159000595B4 /* test2.c */ = {isa = PBXFileReference; lastKnownFileType = sourcecode.c.c; path = test2.c; sourceTree = "<group>"; };
		107D8DAE2FB12199000595B4 /* ex01_majeuroumineur.c */ = {isa = PBXFileReference; lastKnownFileType = sourcecode.c.c; path = ex01_majeuroumineur.c; sourceTree = "<group>"; };
		107D8DAF2FB12199000595B4 /* ex02_mentionscolaire.c */ = {isa = PBXFileReference; lastKnownFileType = sourcecode.c.c; path = ex02_mentionscolaire.c; sourceTree = "<group>"; };
		107D8DB02FB12199000595B4 /* ex03_classmtmeteo.c */ = {isa = PBXFileReference; lastKnownFileType = sourcecode.c.c; path = ex03_classmtmeteo.c; sourceTree = "<group>"; };
		107D8DB12FB12199000595B4 /* ex04_menuswitch.c */ = {isa = PBXFileReference; lastKnownFileType = sourcecode.c.c; path = ex04_menuswitch.c; sourceTree = "<group>"; };
		107D8DB22FB12199000595B4 /* ex05_verifm2p.c */ = {isa = PBXFileReference; lastKnownFileType = sourcecode.c.c; path = ex05_verifm2p.c; sourceTree = "<group>"; };
		107D8DB32FB12199000595B4 /* ex06_PFC.c */ = {isa = PBXFileReference; lastKnownFileType = sourcecode.c.c; path = ex06_PFC.c; sourceTree = "<group>"; };
		10D502072F96931B008F81DA /* variablees */ = {isa = PBXFileReference; explicitFileType = "compiled.mach-o.executable"; includeInIndex = 0; path = variablees; sourceTree = BUILT_PRODUCTS_DIR; };
/* End PBXFileReference section */

/* Begin PBXFileSystemSynchronizedBuildFileExceptionSet section */
		10610B732FB1353800F76BEE /* Exceptions for "Semaine2" folder in "variablees" target */ = {
			isa = PBXFileSystemSynchronizedBuildFileExceptionSet;
			membershipExceptions = (
				ex02_saisiescanf.c,
				ex03_divEntvsDeci.c,
				ex04_calcul4ope.c,
				ex05_convertcomplet.c,
				ex06_afficherrecu.c,
				ex07_IMC.c,
			);
			target = 10D502062F96931B008F81DA /* variablees */;
		};
/* End PBXFileSystemSynchronizedBuildFileExceptionSet section */

/* Begin PBXFileSystemSynchronizedRootGroup section */
		10D5021C2F9BA372008F81DA /* Semaine2 */ = {
			isa = PBXFileSystemSynchronizedRootGroup;
			exceptions = (
				10610B732FB1353800F76BEE /* Exceptions for "Semaine2" folder in "variablees" target */,
			);
			path = Semaine2;
			sourceTree = "<group>";
		};
/* End PBXFileSystemSynchronizedRootGroup section */

/* Begin PBXFrameworksBuildPhase section */
		10D502042F96931B008F81DA /* Frameworks */ = {
			isa = PBXFrameworksBuildPhase;
			buildActionMask = 2147483647;
			files = (
			);
			runOnlyForDeploymentPostprocessing = 0;
		};
/* End PBXFrameworksBuildPhase section */

/* Begin PBXGroup section */
		10610B6D2FB12B6E00F76BEE /* Semaine1  */ = {
			isa = PBXGroup;
			children = (
				10610B682FB12B6E00F76BEE /* ex01_hello.c */,
				10610B692FB12B6E00F76BEE /* ex02_plusimsg.c */,
				10610B6A2FB12B6E00F76BEE /* ex03_coment.c */,
				10610B6B2FB12B6E00F76BEE /* ex04_errvolont.c */,
				10610B6C2FB12B6E00F76BEE /* ex05_dessinASCII.c */,
			);
			path = "Semaine1 ";
			sourceTree = "<group>";
		};
		107D8D9D2FB12159000595B4 /* Terrain2jeux */ = {
			isa = PBXGroup;
			children = (
				107D8D9A2FB12159000595B4 /* aire2jeux.c */,
				107D8D9B2FB12159000595B4 /* test1.c */,
				107D8D9C2FB12159000595B4 /* test2.c */,
			);
			path = Terrain2jeux;
			sourceTree = "<group>";
		};
		107D8DB42FB12199000595B4 /* Semaine3 */ = {
			isa = PBXGroup;
			children = (
				107D8DAE2FB12199000595B4 /* ex01_majeuroumineur.c */,
				107D8DAF2FB12199000595B4 /* ex02_mentionscolaire.c */,
				107D8DB02FB12199000595B4 /* ex03_classmtmeteo.c */,
				107D8DB12FB12199000595B4 /* ex04_menuswitch.c */,
				107D8DB22FB12199000595B4 /* ex05_verifm2p.c */,
				107D8DB32FB12199000595B4 /* ex06_PFC.c */,
			);
			path = Semaine3;
			sourceTree = "<group>";
		};
		10D501FE2F96931B008F81DA = {
			isa = PBXGroup;
			children = (
				107D8D9D2FB12159000595B4 /* Terrain2jeux */,
				10610B6D2FB12B6E00F76BEE /* Semaine1  */,
				10D5021C2F9BA372008F81DA /* Semaine2 */,
				107D8DB42FB12199000595B4 /* Semaine3 */,
				10D502082F96931B008F81DA /* Products */,
			);
			sourceTree = "<group>";
		};
		10D502082F96931B008F81DA /* Products */ = {
			isa = PBXGroup;
			children = (
				10D502072F96931B008F81DA /* variablees */,
			);
			name = Products;
			sourceTree = "<group>";
		};
/* End PBXGroup section */

/* Begin PBXNativeTarget section */
		10D502062F96931B008F81DA /* variablees */ = {
			isa = PBXNativeTarget;
			buildConfigurationList = 10D5020E2F96931B008F81DA /* Build configuration list for PBXNativeTarget "variablees" */;
			buildPhases = (
				10D502032F96931B008F81DA /* Sources */,
				10D502042F96931B008F81DA /* Frameworks */,
				10D502052F96931B008F81DA /* CopyFiles */,
			);
			buildRules = (
			);
			dependencies = (
			);
			fileSystemSynchronizedGroups = (
				10D5021C2F9BA372008F81DA /* Semaine2 */,
			);
			name = variablees;
			packageProductDependencies = (
			);
			productName = variablees;
			productReference = 10D502072F96931B008F81DA /* variablees */;
			productType = "com.apple.product-type.tool";
		};
/* End PBXNativeTarget section */

/* Begin PBXProject section */
		10D501FF2F96931B008F81DA /* Project object */ = {
			isa = PBXProject;
			attributes = {
				BuildIndependentTargetsInParallel = 1;
				LastUpgradeCheck = 2640;
				TargetAttributes = {
					10D502062F96931B008F81DA = {
						CreatedOnToolsVersion = 26.4.1;
					};
				};
			};
			buildConfigurationList = 10D502022F96931B008F81DA /* Build configuration list for PBXProject "FormationC" */;
			developmentRegion = en;
			hasScannedForEncodings = 0;
			knownRegions = (
				en,
				Base,
			);
			mainGroup = 10D501FE2F96931B008F81DA;
			minimizedProjectReferenceProxies = 1;
			preferredProjectObjectVersion = 77;
			productRefGroup = 10D502082F96931B008F81DA /* Products */;
			projectDirPath = "";
			projectRoot = "";
			targets = (
				10D502062F96931B008F81DA /* variablees */,
			);
		};
/* End PBXProject section */

/* Begin PBXSourcesBuildPhase section */
		10D502032F96931B008F81DA /* Sources */ = {
			isa = PBXSourcesBuildPhase;
			buildActionMask = 2147483647;
			files = (
			);
			runOnlyForDeploymentPostprocessing = 0;
		};
/* End PBXSourcesBuildPhase section */

/* Begin XCBuildConfiguration section */
		10D5020C2F96931B008F81DA /* Debug */ = {
			isa = XCBuildConfiguration;
			buildSettings = {
				ALWAYS_SEARCH_USER_PATHS = NO;
				ASSETCATALOG_COMPILER_GENERATE_SWIFT_ASSET_SYMBOL_EXTENSIONS = YES;
				CLANG_ANALYZER_NONNULL = YES;
				CLANG_ANALYZER_NUMBER_OBJECT_CONVERSION = YES_AGGRESSIVE;
				CLANG_CXX_LANGUAGE_STANDARD = "gnu++20";
				CLANG_ENABLE_MODULES = YES;
				CLANG_ENABLE_OBJC_ARC = YES;
				CLANG_ENABLE_OBJC_WEAK = YES;
				CLANG_WARN_BLOCK_CAPTURE_AUTORELEASING = YES;
				CLANG_WARN_BOOL_CONVERSION = YES;
				CLANG_WARN_COMMA = YES;
				CLANG_WARN_CONSTANT_CONVERSION = YES;
				CLANG_WARN_DEPRECATED_OBJC_IMPLEMENTATIONS = YES;
				CLANG_WARN_DIRECT_OBJC_ISA_USAGE = YES_ERROR;
				CLANG_WARN_DOCUMENTATION_COMMENTS = YES;
				CLANG_WARN_EMPTY_BODY = YES;
				CLANG_WARN_ENUM_CONVERSION = YES;
				CLANG_WARN_INFINITE_RECURSION = YES;
				CLANG_WARN_INT_CONVERSION = YES;
				CLANG_WARN_NON_LITERAL_NULL_CONVERSION = YES;
				CLANG_WARN_OBJC_IMPLICIT_RETAIN_SELF = YES;
				CLANG_WARN_OBJC_LITERAL_CONVERSION = YES;
				CLANG_WARN_OBJC_ROOT_CLASS = YES_ERROR;
				CLANG_WARN_QUOTED_INCLUDE_IN_FRAMEWORK_HEADER = YES;
				CLANG_WARN_RANGE_LOOP_ANALYSIS = YES;
				CLANG_WARN_STRICT_PROTOTYPES = YES;
				CLANG_WARN_SUSPICIOUS_MOVE = YES;
				CLANG_WARN_UNGUARDED_AVAILABILITY = YES_AGGRESSIVE;
				CLANG_WARN_UNREACHABLE_CODE = YES;
				CLANG_WARN__DUPLICATE_METHOD_MATCH = YES;
				COPY_PHASE_STRIP = NO;
				DEBUG_INFORMATION_FORMAT = dwarf;
				ENABLE_STRICT_OBJC_MSGSEND = YES;
				ENABLE_TESTABILITY = YES;
				ENABLE_USER_SCRIPT_SANDBOXING = YES;
				GCC_C_LANGUAGE_STANDARD = gnu17;
				GCC_DYNAMIC_NO_PIC = NO;
				GCC_NO_COMMON_BLOCKS = YES;
				GCC_OPTIMIZATION_LEVEL = 0;
				GCC_PREPROCESSOR_DEFINITIONS = (
					"DEBUG=1",
					"$(inherited)",
				);
				GCC_WARN_64_TO_32_BIT_CONVERSION = YES;
				GCC_WARN_ABOUT_RETURN_TYPE = YES_ERROR;
				GCC_WARN_UNDECLARED_SELECTOR = YES;
				GCC_WARN_UNINITIALIZED_AUTOS = YES_AGGRESSIVE;
				GCC_WARN_UNUSED_FUNCTION = YES;
				GCC_WARN_UNUSED_VARIABLE = YES;
				LOCALIZATION_PREFERS_STRING_CATALOGS = YES;
				MACOSX_DEPLOYMENT_TARGET = 26.3;
				MTL_ENABLE_DEBUG_INFO = INCLUDE_SOURCE;
				MTL_FAST_MATH = YES;
				ONLY_ACTIVE_ARCH = YES;
				SDKROOT = macosx;
			};
			name = Debug;
		};
		10D5020D2F96931B008F81DA /* Release */ = {
			isa = XCBuildConfiguration;
			buildSettings = {
				ALWAYS_SEARCH_USER_PATHS = NO;
				ASSETCATALOG_COMPILER_GENERATE_SWIFT_ASSET_SYMBOL_EXTENSIONS = YES;
				CLANG_ANALYZER_NONNULL = YES;
				CLANG_ANALYZER_NUMBER_OBJECT_CONVERSION = YES_AGGRESSIVE;
				CLANG_CXX_LANGUAGE_STANDARD = "gnu++20";
				CLANG_ENABLE_MODULES = YES;
				CLANG_ENABLE_OBJC_ARC = YES;
				CLANG_ENABLE_OBJC_WEAK = YES;
				CLANG_WARN_BLOCK_CAPTURE_AUTORELEASING = YES;
				CLANG_WARN_BOOL_CONVERSION = YES;
				CLANG_WARN_COMMA = YES;
				CLANG_WARN_CONSTANT_CONVERSION = YES;
				CLANG_WARN_DEPRECATED_OBJC_IMPLEMENTATIONS = YES;
				CLANG_WARN_DIRECT_OBJC_ISA_USAGE = YES_ERROR;
				CLANG_WARN_DOCUMENTATION_COMMENTS = YES;
				CLANG_WARN_EMPTY_BODY = YES;
				CLANG_WARN_ENUM_CONVERSION = YES;
				CLANG_WARN_INFINITE_RECURSION = YES;
				CLANG_WARN_INT_CONVERSION = YES;
				CLANG_WARN_NON_LITERAL_NULL_CONVERSION = YES;
				CLANG_WARN_OBJC_IMPLICIT_RETAIN_SELF = YES;
				CLANG_WARN_OBJC_LITERAL_CONVERSION = YES;
				CLANG_WARN_OBJC_ROOT_CLASS = YES_ERROR;
				CLANG_WARN_QUOTED_INCLUDE_IN_FRAMEWORK_HEADER = YES;
				CLANG_WARN_RANGE_LOOP_ANALYSIS = YES;
				CLANG_WARN_STRICT_PROTOTYPES = YES;
				CLANG_WARN_SUSPICIOUS_MOVE = YES;
				CLANG_WARN_UNGUARDED_AVAILABILITY = YES_AGGRESSIVE;
				CLANG_WARN_UNREACHABLE_CODE = YES;
				CLANG_WARN__DUPLICATE_METHOD_MATCH = YES;
				COPY_PHASE_STRIP = NO;
				DEBUG_INFORMATION_FORMAT = "dwarf-with-dsym";
				ENABLE_NS_ASSERTIONS = NO;
				ENABLE_STRICT_OBJC_MSGSEND = YES;
				ENABLE_USER_SCRIPT_SANDBOXING = YES;
				GCC_C_LANGUAGE_STANDARD = gnu17;
				GCC_NO_COMMON_BLOCKS = YES;
				GCC_WARN_64_TO_32_BIT_CONVERSION = YES;
				GCC_WARN_ABOUT_RETURN_TYPE = YES_ERROR;
				GCC_WARN_UNDECLARED_SELECTOR = YES;
				GCC_WARN_UNINITIALIZED_AUTOS = YES_AGGRESSIVE;
				GCC_WARN_UNUSED_FUNCTION = YES;
				GCC_WARN_UNUSED_VARIABLE = YES;
				LOCALIZATION_PREFERS_STRING_CATALOGS = YES;
				MACOSX_DEPLOYMENT_TARGET = 26.3;
				MTL_ENABLE_DEBUG_INFO = NO;
				MTL_FAST_MATH = YES;
				SDKROOT = macosx;
			};
			name = Release;
		};
		10D5020F2F96931B008F81DA /* Debug */ = {
			isa = XCBuildConfiguration;
			buildSettings = {
				CODE_SIGN_STYLE = Automatic;
				DEVELOPMENT_ASSET_PATHS = "";
				PRODUCT_NAME = "$(TARGET_NAME)";
			};
			name = Debug;
		};
		10D502102F96931B008F81DA /* Release */ = {
			isa = XCBuildConfiguration;
			buildSettings = {
				CODE_SIGN_STYLE = Automatic;
				DEVELOPMENT_ASSET_PATHS = "";
				PRODUCT_NAME = "$(TARGET_NAME)";
			};
			name = Release;
		};
/* End XCBuildConfiguration section */

/* Begin XCConfigurationList section */
		10D502022F96931B008F81DA /* Build configuration list for PBXProject "FormationC" */ = {
			isa = XCConfigurationList;
			buildConfigurations = (
				10D5020C2F96931B008F81DA /* Debug */,
				10D5020D2F96931B008F81DA /* Release */,
			);
			defaultConfigurationIsVisible = 0;
			defaultConfigurationName = Release;
		};
		10D5020E2F96931B008F81DA /* Build configuration list for PBXNativeTarget "variablees" */ = {
			isa = XCConfigurationList;
			buildConfigurations = (
				10D5020F2F96931B008F81DA /* Debug */,
				10D502102F96931B008F81DA /* Release */,
			);
			defaultConfigurationIsVisible = 0;
			defaultConfigurationName = Release;
		};
/* End XCConfigurationList section */
	};
	rootObject = 10D501FF2F96931B008F81DA /* Project object */;
}
